<?xml version="1.0" encoding="utf-8"?>
<Project ToolsVersion="4.0" xmlns="http://schemas.microsoft.com/developer/msbuild/2003">
  <ItemGroup>
    <Filter Include="Source Files">
      <UniqueIdentifier>{4FC737F1-C7A5-4376-A066-2A32D752A2FF}</UniqueIdentifier>
      <Extensions>cpp;c;cc;cxx;def;odl;idl;hpj;bat;asm;asmx</Extensions>
    </Filter>
    <Filter Include="Header Files">
      <UniqueIdentifier>{93995380-89BD-4b04-88EB-625FBE52EBFB}</UniqueIdentifier>
      <Extensions>h;hh;hpp;hxx;hm;inl;inc;xsd</Extensions>
    </Filter>
    <Filter Include="Resource Files">
      <UniqueIdentifier>{67DA6AB6-F800-4c08-8B7A-83BB121AAD01}</UniqueIdentifier>
      <Extensions>rc;ico;cur;bmp;dlg;rc2;rct;bin;rgs;gif;jpg;jpeg;jpe;resx;tiff;tif;png;wav;mfcribbon-ms</Extensions>
    </Filter>
    <Filter Include="Resource Files\textures">
      <UniqueIdentifier>{8b82a349-8d59-402f-80e9-bd0bab5af5b0}</UniqueIdentifier>
    </Filter>
    <Filter Include="Resource Files\music">
      <UniqueIdentifier>{ac62c9d9-8e93-46d4-8a69-575d365e4387}</UniqueIdentifier>
    </Filter>
    <Filter Include="Resource Files\sounds">
      <UniqueIdentifier>{ed179ca1-6a7a-4371-b09d-439fadd26b76}</UniqueIdentifier>
    </Filter>
    <Filter Include="Other">
      <UniqueIdentifier>{b55d227d-dbce-45e6-a6ed-f4f377176286}</UniqueIdentifier>
    </Filter>
  </ItemGroup>
  <ItemGroup>
    <ClInclude Include="..\main.h">
      <Filter>Header Files</Filter>
    </ClInclude>
    <ClInclude Include="..\include\AnimatedSprite.hpp">
      <Filter>Header Files</Filter>
    </ClInclude>
    <ClInclude Include="..\include\Animation.hpp">
      <Filter>Header Files</Filter>
    </ClInclude>
    <ClInclude Include="..\include\game.h">
      <Filter>Header Files</Filter>
    </ClInclude>
    <ClInclude Include="..\include\Character.h">
      <Filter>Header Files</Filter>
    </ClInclude>
    <ClInclude Include="..\include\Weapon.h">
      <Filter>Header Files</Filter>
    </ClInclude>
    <ClInclude Include="..\include\Particle.h">
      <Filter>Header Files</Filter>
    </ClInclude>
    <ClInclude Include="..\include\Shot.h">
      <Filter>Header Files</Filter>
    </ClInclude>
    <ClInclude Include="resource.h">
      <Filter>Header Files</Filter>
    </ClInclude>
    <ClInclude Include="..\include\Player.h">
      <Filter>Header Files</Filter>
    </ClInclude>
  </ItemGroup>
  <ItemGroup>
    <ClCompile Include="..\main.cpp">
      <Filter>Source Files</Filter>
    </ClCompile>
    <ClCompile Include="..\src\AnimatedSprite.cpp">
      <Filter>Source Files</Filter>
    </ClCompile>
    <ClCompile Include="..\src\Animation.cpp">
      <Filter>Source Files</Filter>
    </ClCompile>
    <ClCompile Include="..\src\game.cpp">
      <Filter>Source Files</Filter>
    </ClCompile>
    <ClCompile Include="..\src\Character.cpp">
      <Filter>Source Files</Filter>
    </ClCompile>
    <ClCompile Include="..\src\Weapon.cpp">
      <Filter>Source Files</Filter>
    </ClCompile>
    <ClCompile Include="..\src\Particle.cpp">
      <Filter>Source Files</Filter>
    </ClCompile>
    <ClCompile Include="..\src\Shot.cpp">
      <Filter>Source Files</Filter>
    </ClCompile>
  </ItemGroup>
  <ItemGroup>
    <None Include="..\music\drums.ogg">
      <Filter>Resource Files\music</Filter>
    </None>
    <None Include="..\music\horor.ogg">
      <Filter>Resource Files\music</Filter>
    </None>
    <None Include="..\sounds\explosion.ogg">
      <Filter>Resource Files\sounds</Filter>
    </None>
    <None Include="..\sounds\gunload.ogg">
      <Filter>Resource Files\sounds</Filter>
    </None>
    <None Include="..\sounds\laser.ogg">
      <Filter>Resource Files\sounds</Filter>
    </None>
    <None Include="..\sounds\machinegun.ogg">
      <Filter>Resource Files\sounds</Filter>
    </None>
    <None Include="..\sounds\step.ogg">
      <Filter>Resource Files\sounds</Filter>
    </None>
  </ItemGroup>
  <ItemGroup>
    <Image Include="..\textures\cloud.png">
      <Filter>Resource Files\textures</Filter>
    </Image>
    <Image Include="..\textures\laser.png">
      <Filter>Resource Files\textures</Filter>
    </Image>
    <Image Include="..\textures\player.png">
      <Filter>Resource Files\textures</Filter>
    </Image>
    <Image Include="..\textures\machinegunshot.png">
      <Filter>Resource Files\textures</Filter>
    </Image>
    <Image Include="..\textures\machinegun.png">
      <Filter>Resource Files\textures</Filter>
    </Image>
    <Image Include="icon.ico">
      <Filter>Resource Files</Filter>
    </Image>
  </ItemGroup>
  <ItemGroup>
    <ResourceCompile Include="mul2015.rc">
      <Filter>Resource Files</Filter>
    </ResourceCompile>
  </ItemGroup>
</Project>